{
    "hash": "f79b224874150898a4cf2d42f5c71dae",
    "packages": [
        {
            "package": "fate/silex-extensions",
            "version": "dev-master",
            "source-reference": "c251bb3ccd581766cccfba895e20d52df39185c6",
            "commit-date": "1343905243"
        },
        {
            "package": "grom/silex-service-provider",
            "version": "dev-master",
            "source-reference": "1d37fa54aaecfacb68fde4c60392da0c1ca6300d",
            "commit-date": "1338686843"
        },
        {
            "package": "imagine/Imagine",
            "version": "dev-master",
            "source-reference": "v0.3.0",
            "commit-date": "1343522118"
        },
        {
            "package": "knplabs/knp-snappy",
            "version": "dev-master",
            "source-reference": "2b85a66539a58ce7fe639a5a417ce48d80ac1dd7",
            "commit-date": "1342770243"
        },
        {
            "package": "kriswallsmith/assetic",
            "version": "dev-master",
            "source-reference": "ce9c557989f95abffe792c63f84f404a2f019ef8",
            "commit-date": "1344261272"
        },
        {
            "package": "leafo/lessphp",
            "version": "dev-master",
            "source-reference": "d55eed7f1f5af90a2956dc300c8685a214a8fdc3",
            "commit-date": "1344408644"
        },
        {
            "package": "pimple/pimple",
            "version": "dev-master",
            "alias-pretty-version": "1.0.x-dev",
            "alias-version": "1.0.9999999.9999999-dev"
        },
        {
            "package": "pimple/pimple",
            "version": "dev-master",
            "source-reference": "db836b8cfadc0f39dacafa2bf311a1ab603600bb",
            "commit-date": "1343051648"
        },
        {
            "package": "silex/silex",
            "version": "dev-master",
            "source-reference": "ee00393c33b3de861082602747a84d49897b9315",
            "commit-date": "1344077943"
        },
        {
            "package": "symfony/event-dispatcher",
            "version": "dev-master",
            "alias-pretty-version": "2.1.x-dev",
            "alias-version": "2.1.9999999.9999999-dev"
        },
        {
            "package": "symfony/event-dispatcher",
            "version": "dev-master",
            "source-reference": "v2.1.0-RC1",
            "commit-date": "1342739894"
        },
        {
            "package": "symfony/finder",
            "version": "dev-master",
            "alias-pretty-version": "2.1.x-dev",
            "alias-version": "2.1.9999999.9999999-dev"
        },
        {
            "package": "symfony/finder",
            "version": "dev-master",
            "source-reference": "v2.1.0-RC1",
            "commit-date": "1343512949"
        },
        {
            "package": "symfony/http-foundation",
            "version": "dev-master",
            "alias-pretty-version": "2.1.x-dev",
            "alias-version": "2.1.9999999.9999999-dev"
        },
        {
            "package": "symfony/http-foundation",
            "version": "dev-master",
            "source-reference": "v2.1.0-RC1",
            "commit-date": "1344071918"
        },
        {
            "package": "symfony/http-kernel",
            "version": "dev-master",
            "alias-pretty-version": "2.1.x-dev",
            "alias-version": "2.1.9999999.9999999-dev"
        },
        {
            "package": "symfony/http-kernel",
            "version": "dev-master",
            "source-reference": "0d0ee371ab0425f3399dba9e25d7ad98ca5c0d62",
            "commit-date": "1344074675"
        },
        {
            "package": "symfony/process",
            "version": "dev-master",
            "alias-pretty-version": "2.1.x-dev",
            "alias-version": "2.1.9999999.9999999-dev"
        },
        {
            "package": "symfony/process",
            "version": "dev-master",
            "source-reference": "v2.1.0-RC1",
            "commit-date": "1343512949"
        },
        {
            "package": "symfony/routing",
            "version": "dev-master",
            "alias-pretty-version": "2.1.x-dev",
            "alias-version": "2.1.9999999.9999999-dev"
        },
        {
            "package": "symfony/routing",
            "version": "dev-master",
            "source-reference": "v2.1.0-RC1",
            "commit-date": "1343744077"
        },
        {
            "package": "symfony/twig-bridge",
            "version": "dev-master",
            "alias-pretty-version": "2.1.x-dev",
            "alias-version": "2.1.9999999.9999999-dev"
        },
        {
            "package": "symfony/twig-bridge",
            "version": "dev-master",
            "source-reference": "v2.1.0-RC1",
            "commit-date": "1343236543"
        },
        {
            "package": "twig/twig",
            "version": "dev-master",
            "alias-pretty-version": "1.9.x-dev",
            "alias-version": "1.9.9999999.9999999-dev"
        },
        {
            "package": "twig/twig",
            "version": "dev-master",
            "source-reference": "f2f698c820d4396f519ef4175ad6fe79fcfb9ecf",
            "commit-date": "1344328685"
        },
        {
            "package": "twitter/bootstrap",
            "version": "master",
            "source-reference": "master",
            "commit-date": "1339090286"
        }
    ],
    "packages-dev": null,
    "aliases": [

    ],
    "minimum-stability": "dev",
    "stability-flags": {
        "twitter/bootstrap": 20,
        "fate/silex-extensions": 20,
        "kriswallsmith/assetic": 20,
        "symfony/finder": 20
    }
}
